
Microsoft Visual Studio Solution File, Format Version 12.00
# Visual Studio 15
VisualStudioVersion = 15.0.28307.960
MinimumVisualStudioVersion = 10.0.40219.1
Project("{FAE04EC0-301F-11D3-BF4B-00C04F79EFBC}") = "MvcMusicPlayer", "MvcMusicPlayer\MvcMusicPlayer.csproj", "{BAF215BF-1384-4852-9D81-F5E3D5524A0B}"
EndProject
Global
	GlobalSection(SolutionConfigurationPlatforms) = preSolution
		Debug|Any CPU = Debug|Any CPU
		Release|Any CPU = Release|Any CPU
	EndGlobalSection
	GlobalSection(ProjectConfigurationPlatforms) = postSolution
		{BAF215BF-1384-4852-9D81-F5E3D5524A0B}.Debug|Any CPU.ActiveCfg = Debug|Any CPU
		{BAF215BF-1384-4852-9D81-F5E3D5524A0B}.Debug|Any CPU.Build.0 = Debug|Any CPU
		{BAF215BF-1384-4852-9D81-F5E3D5524A0B}.Release|Any CPU.ActiveCfg = Release|Any CPU
		{BAF215BF-1384-4852-9D81-F5E3D5524A0B}.Release|Any CPU.Build.0 = Release|Any CPU
	EndGlobalSection
	GlobalSection(SolutionProperties) = preSolution
		HideSolutionNode = FALSE
	EndGlobalSection
	GlobalSection(ExtensibilityGlobals) = postSolution
		SolutionGuid = {11999881-DCD5-4383-9445-4301A06044F1}
	EndGlobalSection
EndGlobal
